
Microsoft Visual Studio Solution File, Format Version 12.00
# Visual Studio Version 16
VisualStudioVersion = 16.0.32413.511
MinimumVisualStudioVersion = 10.0.40219.1
Project("{FAE04EC0-301F-11D3-BF4B-00C04F79EFBC}") = "BookStore", "BookStore\BookStore.csproj", "{B1FD6FED-A072-457D-BA30-C6C2E0717C2C}"
EndProject
Global
	GlobalSection(SolutionConfigurationPlatforms) = preSolution
		Debug|Any CPU = Debug|Any CPU
		Release|Any CPU = Release|Any CPU
	EndGlobalSection
	GlobalSection(ProjectConfigurationPlatforms) = postSolution
		{B1FD6FED-A072-457D-BA30-C6C2E0717C2C}.Debug|Any CPU.ActiveCfg = Debug|Any CPU
		{B1FD6FED-A072-457D-BA30-C6C2E0717C2C}.Debug|Any CPU.Build.0 = Debug|Any CPU
		{B1FD6FED-A072-457D-BA30-C6C2E0717C2C}.Release|Any CPU.ActiveCfg = Release|Any CPU
		{B1FD6FED-A072-457D-BA30-C6C2E0717C2C}.Release|Any CPU.Build.0 = Release|Any CPU
	EndGlobalSection
	GlobalSection(SolutionProperties) = preSolution
		HideSolutionNode = FALSE
	EndGlobalSection
	GlobalSection(ExtensibilityGlobals) = postSolution
		SolutionGuid = {C98026DF-C5A1-4C32-8F0F-8A47E4966023}
	EndGlobalSection
EndGlobal
